<?xml version="1.0" encoding="utf-8"?>
<Project ToolsVersion="4.0" xmlns="http://schemas.microsoft.com/developer/msbuild/2003">
  <ItemGroup>
    <Filter Include="ソース ファイル">
      <UniqueIdentifier>{4FC737F1-C7A5-4376-A066-2A32D752A2FF}</UniqueIdentifier>
      <Extensions>cpp;c;cc;cxx;def;odl;idl;hpj;bat;asm;asmx</Extensions>
    </Filter>
    <Filter Include="ヘッダー ファイル">
      <UniqueIdentifier>{93995380-89BD-4b04-88EB-625FBE52EBFB}</UniqueIdentifier>
      <Extensions>h;hh;hpp;hxx;hm;inl;inc;xsd</Extensions>
    </Filter>
    <Filter Include="リソース ファイル">
      <UniqueIdentifier>{67DA6AB6-F800-4c08-8B7A-83BB121AAD01}</UniqueIdentifier>
      <Extensions>rc;ico;cur;bmp;dlg;rc2;rct;bin;rgs;gif;jpg;jpeg;jpe;resx;tiff;tif;png;wav;mfcribbon-ms</Extensions>
    </Filter>
    <Filter Include="01_アプリケーション">
      <UniqueIdentifier>{dc9e3de2-0cd1-471e-816e-d8d94b84d21d}</UniqueIdentifier>
    </Filter>
    <Filter Include="02_メインダイアログ">
      <UniqueIdentifier>{5687dd81-9549-4e6d-bd4c-9d01c809bbfd}</UniqueIdentifier>
    </Filter>
    <Filter Include="03_進捗ダイアログ">
      <UniqueIdentifier>{1b39cb1f-0bcb-4b15-ba15-52dad74d020a}</UniqueIdentifier>
    </Filter>
    <Filter Include="04_処理">
      <UniqueIdentifier>{0c0766ca-8a8e-41c9-84c9-0cac9997ccca}</UniqueIdentifier>
    </Filter>
  </ItemGroup>
  <ItemGroup>
    <Text Include="ReadMe.txt" />
  </ItemGroup>
  <ItemGroup>
    <ClInclude Include="stdafx.h">
      <Filter>ヘッダー ファイル</Filter>
    </ClInclude>
    <ClInclude Include="targetver.h">
      <Filter>ヘッダー ファイル</Filter>
    </ClInclude>
    <ClInclude Include="Resource.h">
      <Filter>ヘッダー ファイル</Filter>
    </ClInclude>
    <ClInclude Include="ProgressDialog.h">
      <Filter>03_進捗ダイアログ</Filter>
    </ClInclude>
    <ClInclude Include="ProgressDialogDlg.h">
      <Filter>02_メインダイアログ</Filter>
    </ClInclude>
    <ClInclude Include="CProgressDialogApp.h">
      <Filter>01_アプリケーション</Filter>
    </ClInclude>
    <ClInclude Include="ICancelable.h">
      <Filter>04_処理</Filter>
    </ClInclude>
    <ClInclude Include="ConcreteProcess.h">
      <Filter>04_処理</Filter>
    </ClInclude>
  </ItemGroup>
  <ItemGroup>
    <ClCompile Include="stdafx.cpp">
      <Filter>ソース ファイル</Filter>
    </ClCompile>
    <ClCompile Include="ProgressDialog.cpp">
      <Filter>03_進捗ダイアログ</Filter>
    </ClCompile>
    <ClCompile Include="ProgressDialogDlg.cpp">
      <Filter>02_メインダイアログ</Filter>
    </ClCompile>
    <ClCompile Include="CProgressDialogApp.cpp">
      <Filter>01_アプリケーション</Filter>
    </ClCompile>
    <ClCompile Include="ConcreteProcess.cpp">
      <Filter>04_処理</Filter>
    </ClCompile>
  </ItemGroup>
  <ItemGroup>
    <ResourceCompile Include="ProgressDialog.rc">
      <Filter>リソース ファイル</Filter>
    </ResourceCompile>
  </ItemGroup>
  <ItemGroup>
    <None Include="res\ProgressDialog.rc2">
      <Filter>リソース ファイル</Filter>
    </None>
  </ItemGroup>
  <ItemGroup>
    <Image Include="res\ProgressDialog.ico">
      <Filter>リソース ファイル</Filter>
    </Image>
  </ItemGroup>
</Project>